// !$*UTF8*$!
{
	archiveVersion = 1;
	classes = {
	};
	objectVersion = 55;
	objects = {

/* Begin PBXBuildFile section */
		442D8A82278F225F00439A58 /* astronauts.json in Resources */ = {isa = PBXBuildFile; fileRef = 442D8A81278F225F00439A58 /* astronauts.json */; };
		442D8A84278F226A00439A58 /* missions.json in Resources */ = {isa = PBXBuildFile; fileRef = 442D8A83278F226A00439A58 /* missions.json */; };
		442D8A88278F231900439A58 /* Astronaut.swift in Sources */ = {isa = PBXBuildFile; fileRef = 442D8A87278F231900439A58 /* Astronaut.swift */; };
		442D8A8A278F238700439A58 /* Bundel-Decodable.swift in Sources */ = {isa = PBXBuildFile; fileRef = 442D8A89278F238700439A58 /* Bundel-Decodable.swift */; };
		442D8A8C278F3CB300439A58 /* Mission.swift in Sources */ = {isa = PBXBuildFile; fileRef = 442D8A8B278F3CB300439A58 /* Mission.swift */; };
		442D8A8E278F49A800439A58 /* Color-Theme.swift in Sources */ = {isa = PBXBuildFile; fileRef = 442D8A8D278F49A800439A58 /* Color-Theme.swift */; };
		442D8A90278F9ABF00439A58 /* MissionView.swift in Sources */ = {isa = PBXBuildFile; fileRef = 442D8A8F278F9ABF00439A58 /* MissionView.swift */; };
		442D8A92278FAE5100439A58 /* AstronautView.swift in Sources */ = {isa = PBXBuildFile; fileRef = 442D8A91278FAE5100439A58 /* AstronautView.swift */; };
		446C359E279074B100532EF9 /* CrewScroll.swift in Sources */ = {isa = PBXBuildFile; fileRef = 446C359D279074B100532EF9 /* CrewScroll.swift */; };
		446C35A027908E3100532EF9 /* MainGrid.swift in Sources */ = {isa = PBXBuildFile; fileRef = 446C359F27908E3100532EF9 /* MainGrid.swift */; };
		446C35A227908F5F00532EF9 /* MainList.swift in Sources */ = {isa = PBXBuildFile; fileRef = 446C35A127908F5F00532EF9 /* MainList.swift */; };
		44F742AA278E4F81006BE328 /* Project8_MoonshotApp.swift in Sources */ = {isa = PBXBuildFile; fileRef = 44F742A9278E4F81006BE328 /* Project8_MoonshotApp.swift */; };
		44F742AC278E4F81006BE328 /* ContentView.swift in Sources */ = {isa = PBXBuildFile; fileRef = 44F742AB278E4F81006BE328 /* ContentView.swift */; };
		44F742AE278E4F82006BE328 /* Assets.xcassets in Resources */ = {isa = PBXBuildFile; fileRef = 44F742AD278E4F82006BE328 /* Assets.xcassets */; };
		44F742B1278E4F82006BE328 /* Preview Assets.xcassets in Resources */ = {isa = PBXBuildFile; fileRef = 44F742B0278E4F82006BE328 /* Preview Assets.xcassets */; };
/* End PBXBuildFile section */

/* Begin PBXFileReference section */
		442D8A81278F225F00439A58 /* astronauts.json */ = {isa = PBXFileReference; fileEncoding = 4; lastKnownFileType = text.json; path = astronauts.json; sourceTree = "<group>"; };
		442D8A83278F226A00439A58 /* missions.json */ = {isa = PBXFileReference; fileEncoding = 4; lastKnownFileType = text.json; path = missions.json; sourceTree = "<group>"; };
		442D8A87278F231900439A58 /* Astronaut.swift */ = {isa = PBXFileReference; lastKnownFileType = sourcecode.swift; path = Astronaut.swift; sourceTree = "<group>"; };
		442D8A89278F238700439A58 /* Bundel-Decodable.swift */ = {isa = PBXFileReference; lastKnownFileType = sourcecode.swift; path = "Bundel-Decodable.swift"; sourceTree = "<group>"; };
		442D8A8B278F3CB300439A58 /* Mission.swift */ = {isa = PBXFileReference; lastKnownFileType = sourcecode.swift; path = Mission.swift; sourceTree = "<group>"; };
		442D8A8D278F49A800439A58 /* Color-Theme.swift */ = {isa = PBXFileReference; lastKnownFileType = sourcecode.swift; path = "Color-Theme.swift"; sourceTree = "<group>"; };
		442D8A8F278F9ABF00439A58 /* MissionView.swift */ = {isa = PBXFileReference; lastKnownFileType = sourcecode.swift; path = MissionView.swift; sourceTree = "<group>"; };
		442D8A91278FAE5100439A58 /* AstronautView.swift */ = {isa = PBXFileReference; lastKnownFileType = sourcecode.swift; path = AstronautView.swift; sourceTree = "<group>"; };
		446C359D279074B100532EF9 /* CrewScroll.swift */ = {isa = PBXFileReference; lastKnownFileType = sourcecode.swift; path = CrewScroll.swift; sourceTree = "<group>"; };
		446C359F27908E3100532EF9 /* MainGrid.swift */ = {isa = PBXFileReference; lastKnownFileType = sourcecode.swift; path = MainGrid.swift; sourceTree = "<group>"; };
		446C35A127908F5F00532EF9 /* MainList.swift */ = {isa = PBXFileReference; lastKnownFileType = sourcecode.swift; path = MainList.swift; sourceTree = "<group>"; };
		44F742A6278E4F81006BE328 /* Project8-Moonshot.app */ = {isa = PBXFileReference; explicitFileType = wrapper.application; includeInIndex = 0; path = "Project8-Moonshot.app"; sourceTree = BUILT_PRODUCTS_DIR; };
		44F742A9278E4F81006BE328 /* Project8_MoonshotApp.swift */ = {isa = PBXFileReference; lastKnownFileType = sourcecode.swift; path = Project8_MoonshotApp.swift; sourceTree = "<group>"; };
		44F742AB278E4F81006BE328 /* ContentView.swift */ = {isa = PBXFileReference; lastKnownFileType = sourcecode.swift; path = ContentView.swift; sourceTree = "<group>"; };
		44F742AD278E4F82006BE328 /* Assets.xcassets */ = {isa = PBXFileReference; lastKnownFileType = folder.assetcatalog; path = Assets.xcassets; sourceTree = "<group>"; };
		44F742B0278E4F82006BE328 /* Preview Assets.xcassets */ = {isa = PBXFileReference; lastKnownFileType = folder.assetcatalog; path = "Preview Assets.xcassets"; sourceTree = "<group>"; };
/* End PBXFileReference section */

/* Begin PBXFrameworksBuildPhase section */
		44F742A3278E4F81006BE328 /* Frameworks */ = {
			isa = PBXFrameworksBuildPhase;
			buildActionMask = 2147483647;
			files = (
			);
			runOnlyForDeploymentPostprocessing = 0;
		};
/* End PBXFrameworksBuildPhase section */

/* Begin PBXGroup section */
		44F7429D278E4F81006BE328 = {
			isa = PBXGroup;
			children = (
				44F742A8278E4F81006BE328 /* Project8-Moonshot */,
				44F742A7278E4F81006BE328 /* Products */,
			);
			sourceTree = "<group>";
		};
		44F742A7278E4F81006BE328 /* Products */ = {
			isa = PBXGroup;
			children = (
				44F742A6278E4F81006BE328 /* Project8-Moonshot.app */,
			);
			name = Products;
			sourceTree = "<group>";
		};
		44F742A8278E4F81006BE328 /* Project8-Moonshot */ = {
			isa = PBXGroup;
			children = (
				44F742A9278E4F81006BE328 /* Project8_MoonshotApp.swift */,
				44F742AB278E4F81006BE328 /* ContentView.swift */,
				446C359F27908E3100532EF9 /* MainGrid.swift */,
				446C35A127908F5F00532EF9 /* MainList.swift */,
				442D8A8F278F9ABF00439A58 /* MissionView.swift */,
				446C359D279074B100532EF9 /* CrewScroll.swift */,
				442D8A91278FAE5100439A58 /* AstronautView.swift */,
				442D8A87278F231900439A58 /* Astronaut.swift */,
				442D8A8B278F3CB300439A58 /* Mission.swift */,
				442D8A89278F238700439A58 /* Bundel-Decodable.swift */,
				442D8A8D278F49A800439A58 /* Color-Theme.swift */,
				442D8A81278F225F00439A58 /* astronauts.json */,
				442D8A83278F226A00439A58 /* missions.json */,
				44F742AD278E4F82006BE328 /* Assets.xcassets */,
				44F742AF278E4F82006BE328 /* Preview Content */,
			);
			path = "Project8-Moonshot";
			sourceTree = "<group>";
		};
		44F742AF278E4F82006BE328 /* Preview Content */ = {
			isa = PBXGroup;
			children = (
				44F742B0278E4F82006BE328 /* Preview Assets.xcassets */,
			);
			path = "Preview Content";
			sourceTree = "<group>";
		};
/* End PBXGroup section */

/* Begin PBXNativeTarget section */
		44F742A5278E4F81006BE328 /* Project8-Moonshot */ = {
			isa = PBXNativeTarget;
			buildConfigurationList = 44F742B4278E4F82006BE328 /* Build configuration list for PBXNativeTarget "Project8-Moonshot" */;
			buildPhases = (
				44F742A2278E4F81006BE328 /* Sources */,
				44F742A3278E4F81006BE328 /* Frameworks */,
				44F742A4278E4F81006BE328 /* Resources */,
			);
			buildRules = (
			);
			dependencies = (
			);
			name = "Project8-Moonshot";
			productName = "Project8-Moonshot";
			productReference = 44F742A6278E4F81006BE328 /* Project8-Moonshot.app */;
			productType = "com.apple.product-type.application";
		};
/* End PBXNativeTarget section */

/* Begin PBXProject section */
		44F7429E278E4F81006BE328 /* Project object */ = {
			isa = PBXProject;
			attributes = {
				BuildIndependentTargetsInParallel = 1;
				LastSwiftUpdateCheck = 1320;
				LastUpgradeCheck = 1320;
				TargetAttributes = {
					44F742A5278E4F81006BE328 = {
						CreatedOnToolsVersion = 13.2.1;
					};
				};
			};
			buildConfigurationList = 44F742A1278E4F81006BE328 /* Build configuration list for PBXProject "Project8-Moonshot" */;
			compatibilityVersion = "Xcode 13.0";
			developmentRegion = en;
			hasScannedForEncodings = 0;
			knownRegions = (
				en,
				Base,
			);
			mainGroup = 44F7429D278E4F81006BE328;
			productRefGroup = 44F742A7278E4F81006BE328 /* Products */;
			projectDirPath = "";
			projectRoot = "";
			targets = (
				44F742A5278E4F81006BE328 /* Project8-Moonshot */,
			);
		};
/* End PBXProject section */

/* Begin PBXResourcesBuildPhase section */
		44F742A4278E4F81006BE328 /* Resources */ = {
			isa = PBXResourcesBuildPhase;
			buildActionMask = 2147483647;
			files = (
				442D8A82278F225F00439A58 /* astronauts.json in Resources */,
				44F742B1278E4F82006BE328 /* Preview Assets.xcassets in Resources */,
				442D8A84278F226A00439A58 /* missions.json in Resources */,
				44F742AE278E4F82006BE328 /* Assets.xcassets in Resources */,
			);
			runOnlyForDeploymentPostprocessing = 0;
		};
/* End PBXResourcesBuildPhase section */

/* Begin PBXSourcesBuildPhase section */
		44F742A2278E4F81006BE328 /* Sources */ = {
			isa = PBXSourcesBuildPhase;
			buildActionMask = 2147483647;
			files = (
				442D8A90278F9ABF00439A58 /* MissionView.swift in Sources */,
				442D8A88278F231900439A58 /* Astronaut.swift in Sources */,
				442D8A92278FAE5100439A58 /* AstronautView.swift in Sources */,
				442D8A8E278F49A800439A58 /* Color-Theme.swift in Sources */,
				44F742AC278E4F81006BE328 /* ContentView.swift in Sources */,
				44F742AA278E4F81006BE328 /* Project8_MoonshotApp.swift in Sources */,
				446C35A027908E3100532EF9 /* MainGrid.swift in Sources */,
				442D8A8C278F3CB300439A58 /* Mission.swift in Sources */,
				446C359E279074B100532EF9 /* CrewScroll.swift in Sources */,
				442D8A8A278F238700439A58 /* Bundel-Decodable.swift in Sources */,
				446C35A227908F5F00532EF9 /* MainList.swift in Sources */,
			);
			runOnlyForDeploymentPostprocessing = 0;
		};
/* End PBXSourcesBuildPhase section */

/* Begin XCBuildConfiguration section */
		44F742B2278E4F82006BE328 /* Debug */ = {
			isa = XCBuildConfiguration;
			buildSettings = {
				ALWAYS_SEARCH_USER_PATHS = NO;
				CLANG_ANALYZER_NONNULL = YES;
				CLANG_ANALYZER_NUMBER_OBJECT_CONVERSION = YES_AGGRESSIVE;
				CLANG_CXX_LANGUAGE_STANDARD = "gnu++17";
				CLANG_CXX_LIBRARY = "libc++";
				CLANG_ENABLE_MODULES = YES;
				CLANG_ENABLE_OBJC_ARC = YES;
				CLANG_ENABLE_OBJC_WEAK = YES;
				CLANG_WARN_BLOCK_CAPTURE_AUTORELEASING = YES;
				CLANG_WARN_BOOL_CONVERSION = YES;
				CLANG_WARN_COMMA = YES;
				CLANG_WARN_CONSTANT_CONVERSION = YES;
				CLANG_WARN_DEPRECATED_OBJC_IMPLEMENTATIONS = YES;
				CLANG_WARN_DIRECT_OBJC_ISA_USAGE = YES_ERROR;
				CLANG_WARN_DOCUMENTATION_COMMENTS = YES;
				CLANG_WARN_EMPTY_BODY = YES;
				CLANG_WARN_ENUM_CONVERSION = YES;
				CLANG_WARN_INFINITE_RECURSION = YES;
				CLANG_WARN_INT_CONVERSION = YES;
				CLANG_WARN_NON_LITERAL_NULL_CONVERSION = YES;
				CLANG_WARN_OBJC_IMPLICIT_RETAIN_SELF = YES;
				CLANG_WARN_OBJC_LITERAL_CONVERSION = YES;
				CLANG_WARN_OBJC_ROOT_CLASS = YES_ERROR;
				CLANG_WARN_QUOTED_INCLUDE_IN_FRAMEWORK_HEADER = YES;
				CLANG_WARN_RANGE_LOOP_ANALYSIS = YES;
				CLANG_WARN_STRICT_PROTOTYPES = YES;
				CLANG_WARN_SUSPICIOUS_MOVE = YES;
				CLANG_WARN_UNGUARDED_AVAILABILITY = YES_AGGRESSIVE;
				CLANG_WARN_UNREACHABLE_CODE = YES;
				CLANG_WARN__DUPLICATE_METHOD_MATCH = YES;
				COPY_PHASE_STRIP = NO;
				DEBUG_INFORMATION_FORMAT = dwarf;
				ENABLE_STRICT_OBJC_MSGSEND = YES;
				ENABLE_TESTABILITY = YES;
				GCC_C_LANGUAGE_STANDARD = gnu11;
				GCC_DYNAMIC_NO_PIC = NO;
				GCC_NO_COMMON_BLOCKS = YES;
				GCC_OPTIMIZATION_LEVEL = 0;
				GCC_PREPROCESSOR_DEFINITIONS = (
					"DEBUG=1",
					"$(inherited)",
				);
				GCC_WARN_64_TO_32_BIT_CONVERSION = YES;
				GCC_WARN_ABOUT_RETURN_TYPE = YES_ERROR;
				GCC_WARN_UNDECLARED_SELECTOR = YES;
				GCC_WARN_UNINITIALIZED_AUTOS = YES_AGGRESSIVE;
				GCC_WARN_UNUSED_FUNCTION = YES;
				GCC_WARN_UNUSED_VARIABLE = YES;
				IPHONEOS_DEPLOYMENT_TARGET = 15.2;
				MTL_ENABLE_DEBUG_INFO = INCLUDE_SOURCE;
				MTL_FAST_MATH = YES;
				ONLY_ACTIVE_ARCH = YES;
				SDKROOT = iphoneos;
				SWIFT_ACTIVE_COMPILATION_CONDITIONS = DEBUG;
				SWIFT_OPTIMIZATION_LEVEL = "-Onone";
			};
			name = Debug;
		};
		44F742B3278E4F82006BE328 /* Release */ = {
			isa = XCBuildConfiguration;
			buildSettings = {
				ALWAYS_SEARCH_USER_PATHS = NO;
				CLANG_ANALYZER_NONNULL = YES;
				CLANG_ANALYZER_NUMBER_OBJECT_CONVERSION = YES_AGGRESSIVE;
				CLANG_CXX_LANGUAGE_STANDARD = "gnu++17";
				CLANG_CXX_LIBRARY = "libc++";
				CLANG_ENABLE_MODULES = YES;
				CLANG_ENABLE_OBJC_ARC = YES;
				CLANG_ENABLE_OBJC_WEAK = YES;
				CLANG_WARN_BLOCK_CAPTURE_AUTORELEASING = YES;
				CLANG_WARN_BOOL_CONVERSION = YES;
				CLANG_WARN_COMMA = YES;
				CLANG_WARN_CONSTANT_CONVERSION = YES;
				CLANG_WARN_DEPRECATED_OBJC_IMPLEMENTATIONS = YES;
				CLANG_WARN_DIRECT_OBJC_ISA_USAGE = YES_ERROR;
				CLANG_WARN_DOCUMENTATION_COMMENTS = YES;
				CLANG_WARN_EMPTY_BODY = YES;
				CLANG_WARN_ENUM_CONVERSION = YES;
				CLANG_WARN_INFINITE_RECURSION = YES;
				CLANG_WARN_INT_CONVERSION = YES;
				CLANG_WARN_NON_LITERAL_NULL_CONVERSION = YES;
				CLANG_WARN_OBJC_IMPLICIT_RETAIN_SELF = YES;
				CLANG_WARN_OBJC_LITERAL_CONVERSION = YES;
				CLANG_WARN_OBJC_ROOT_CLASS = YES_ERROR;
				CLANG_WARN_QUOTED_INCLUDE_IN_FRAMEWORK_HEADER = YES;
				CLANG_WARN_RANGE_LOOP_ANALYSIS = YES;
				CLANG_WARN_STRICT_PROTOTYPES = YES;
				CLANG_WARN_SUSPICIOUS_MOVE = YES;
				CLANG_WARN_UNGUARDED_AVAILABILITY = YES_AGGRESSIVE;
				CLANG_WARN_UNREACHABLE_CODE = YES;
				CLANG_WARN__DUPLICATE_METHOD_MATCH = YES;
				COPY_PHASE_STRIP = NO;
				DEBUG_INFORMATION_FORMAT = "dwarf-with-dsym";
				ENABLE_NS_ASSERTIONS = NO;
				ENABLE_STRICT_OBJC_MSGSEND = YES;
				GCC_C_LANGUAGE_STANDARD = gnu11;
				GCC_NO_COMMON_BLOCKS = YES;
				GCC_WARN_64_TO_32_BIT_CONVERSION = YES;
				GCC_WARN_ABOUT_RETURN_TYPE = YES_ERROR;
				GCC_WARN_UNDECLARED_SELECTOR = YES;
				GCC_WARN_UNINITIALIZED_AUTOS = YES_AGGRESSIVE;
				GCC_WARN_UNUSED_FUNCTION = YES;
				GCC_WARN_UNUSED_VARIABLE = YES;
				IPHONEOS_DEPLOYMENT_TARGET = 15.2;
				MTL_ENABLE_DEBUG_INFO = NO;
				MTL_FAST_MATH = YES;
				SDKROOT = iphoneos;
				SWIFT_COMPILATION_MODE = wholemodule;
				SWIFT_OPTIMIZATION_LEVEL = "-O";
				VALIDATE_PRODUCT = YES;
			};
			name = Release;
		};
		44F742B5278E4F82006BE328 /* Debug */ = {
			isa = XCBuildConfiguration;
			buildSettings = {
				ASSETCATALOG_COMPILER_APPICON_NAME = AppIcon;
				ASSETCATALOG_COMPILER_GLOBAL_ACCENT_COLOR_NAME = AccentColor;
				CODE_SIGN_STYLE = Automatic;
				CURRENT_PROJECT_VERSION = 1;
				DEVELOPMENT_ASSET_PATHS = "\"Project8-Moonshot/Preview Content\"";
				DEVELOPMENT_TEAM = CHK25YBYJC;
				ENABLE_PREVIEWS = YES;
				GENERATE_INFOPLIST_FILE = YES;
				INFOPLIST_KEY_UIApplicationSceneManifest_Generation = YES;
				INFOPLIST_KEY_UIApplicationSupportsIndirectInputEvents = YES;
				INFOPLIST_KEY_UILaunchScreen_Generation = YES;
				INFOPLIST_KEY_UISupportedInterfaceOrientations_iPad = "UIInterfaceOrientationPortrait UIInterfaceOrientationPortraitUpsideDown UIInterfaceOrientationLandscapeLeft UIInterfaceOrientationLandscapeRight";
				INFOPLIST_KEY_UISupportedInterfaceOrientations_iPhone = "UIInterfaceOrientationPortrait UIInterfaceOrientationLandscapeLeft UIInterfaceOrientationLandscapeRight";
				LD_RUNPATH_SEARCH_PATHS = (
					"$(inherited)",
					"@executable_path/Frameworks",
				);
				MARKETING_VERSION = 1.0;
				PRODUCT_BUNDLE_IDENTIFIER = "JRG79.Project8-Moonshot";
				PRODUCT_NAME = "$(TARGET_NAME)";
				SWIFT_EMIT_LOC_STRINGS = YES;
				SWIFT_VERSION = 5.0;
				TARGETED_DEVICE_FAMILY = "1,2";
			};
			name = Debug;
		};
		44F742B6278E4F82006BE328 /* Release */ = {
			isa = XCBuildConfiguration;
			buildSettings = {
				ASSETCATALOG_COMPILER_APPICON_NAME = AppIcon;
				ASSETCATALOG_COMPILER_GLOBAL_ACCENT_COLOR_NAME = AccentColor;
				CODE_SIGN_STYLE = Automatic;
				CURRENT_PROJECT_VERSION = 1;
				DEVELOPMENT_ASSET_PATHS = "\"Project8-Moonshot/Preview Content\"";
				DEVELOPMENT_TEAM = CHK25YBYJC;
				ENABLE_PREVIEWS = YES;
				GENERATE_INFOPLIST_FILE = YES;
				INFOPLIST_KEY_UIApplicationSceneManifest_Generation = YES;
				INFOPLIST_KEY_UIApplicationSupportsIndirectInputEvents = YES;
				INFOPLIST_KEY_UILaunchScreen_Generation = YES;
				INFOPLIST_KEY_UISupportedInterfaceOrientations_iPad = "UIInterfaceOrientationPortrait UIInterfaceOrientationPortraitUpsideDown UIInterfaceOrientationLandscapeLeft UIInterfaceOrientationLandscapeRight";
				INFOPLIST_KEY_UISupportedInterfaceOrientations_iPhone = "UIInterfaceOrientationPortrait UIInterfaceOrientationLandscapeLeft UIInterfaceOrientationLandscapeRight";
				LD_RUNPATH_SEARCH_PATHS = (
					"$(inherited)",
					"@executable_path/Frameworks",
				);
				MARKETING_VERSION = 1.0;
				PRODUCT_BUNDLE_IDENTIFIER = "JRG79.Project8-Moonshot";
				PRODUCT_NAME = "$(TARGET_NAME)";
				SWIFT_EMIT_LOC_STRINGS = YES;
				SWIFT_VERSION = 5.0;
				TARGETED_DEVICE_FAMILY = "1,2";
			};
			name = Release;
		};
/* End XCBuildConfiguration section */

/* Begin XCConfigurationList section */
		44F742A1278E4F81006BE328 /* Build configuration list for PBXProject "Project8-Moonshot" */ = {
			isa = XCConfigurationList;
			buildConfigurations = (
				44F742B2278E4F82006BE328 /* Debug */,
				44F742B3278E4F82006BE328 /* Release */,
			);
			defaultConfigurationIsVisible = 0;
			defaultConfigurationName = Release;
		};
		44F742B4278E4F82006BE328 /* Build configuration list for PBXNativeTarget "Project8-Moonshot" */ = {
			isa = XCConfigurationList;
			buildConfigurations = (
				44F742B5278E4F82006BE328 /* Debug */,
				44F742B6278E4F82006BE328 /* Release */,
			);
			defaultConfigurationIsVisible = 0;
			defaultConfigurationName = Release;
		};
/* End XCConfigurationList section */
	};
	rootObject = 44F7429E278E4F81006BE328 /* Project object */;
}
