// !$*UTF8*$!
{
	archiveVersion = 1;
	classes = {
	};
	objectVersion = 55;
	objects = {

/* Begin PBXBuildFile section */
		446C35B82790F41200532EF9 /* Project9_DrawingApp.swift in Sources */ = {isa = PBXBuildFile; fileRef = 446C35B72790F41200532EF9 /* Project9_DrawingApp.swift */; };
		446C35BA2790F41200532EF9 /* ContentView.swift in Sources */ = {isa = PBXBuildFile; fileRef = 446C35B92790F41200532EF9 /* ContentView.swift */; };
		446C35BC2790F41400532EF9 /* Assets.xcassets in Resources */ = {isa = PBXBuildFile; fileRef = 446C35BB2790F41400532EF9 /* Assets.xcassets */; };
		446C35BF2790F41400532EF9 /* Preview Assets.xcassets in Resources */ = {isa = PBXBuildFile; fileRef = 446C35BE2790F41400532EF9 /* Preview Assets.xcassets */; };
		44EE3B4627930E97008F7743 /* Day1-1.swift in Sources */ = {isa = PBXBuildFile; fileRef = 44EE3B4527930E97008F7743 /* Day1-1.swift */; };
		44EE3B4827930ECC008F7743 /* Day1-2.swift in Sources */ = {isa = PBXBuildFile; fileRef = 44EE3B4727930ECC008F7743 /* Day1-2.swift */; };
		44EE3B4A27930F83008F7743 /* Day1-3.swift in Sources */ = {isa = PBXBuildFile; fileRef = 44EE3B4927930F83008F7743 /* Day1-3.swift */; };
		44EE3B4C27931098008F7743 /* Day2-1.swift in Sources */ = {isa = PBXBuildFile; fileRef = 44EE3B4B27931098008F7743 /* Day2-1.swift */; };
		44EE3B4E27931128008F7743 /* Day2-2.swift in Sources */ = {isa = PBXBuildFile; fileRef = 44EE3B4D27931128008F7743 /* Day2-2.swift */; };
		44EE3B5027931195008F7743 /* Day2-3.swift in Sources */ = {isa = PBXBuildFile; fileRef = 44EE3B4F27931195008F7743 /* Day2-3.swift */; };
		44EE3B52279311F7008F7743 /* Day3-1.swift in Sources */ = {isa = PBXBuildFile; fileRef = 44EE3B51279311F7008F7743 /* Day3-1.swift */; };
		44EE3B5427931590008F7743 /* Day3-2.swift in Sources */ = {isa = PBXBuildFile; fileRef = 44EE3B5327931590008F7743 /* Day3-2.swift */; };
		44EE3B5627932FAF008F7743 /* Day3-3.swift in Sources */ = {isa = PBXBuildFile; fileRef = 44EE3B5527932FAF008F7743 /* Day3-3.swift */; };
		44EE3B5827933395008F7743 /* Day3-4.swift in Sources */ = {isa = PBXBuildFile; fileRef = 44EE3B5727933395008F7743 /* Day3-4.swift */; };
		44EE3B5A27933CDA008F7743 /* Challenge.swift in Sources */ = {isa = PBXBuildFile; fileRef = 44EE3B5927933CDA008F7743 /* Challenge.swift */; };
/* End PBXBuildFile section */

/* Begin PBXFileReference section */
		446C35B42790F41200532EF9 /* Project9-Drawing.app */ = {isa = PBXFileReference; explicitFileType = wrapper.application; includeInIndex = 0; path = "Project9-Drawing.app"; sourceTree = BUILT_PRODUCTS_DIR; };
		446C35B72790F41200532EF9 /* Project9_DrawingApp.swift */ = {isa = PBXFileReference; lastKnownFileType = sourcecode.swift; path = Project9_DrawingApp.swift; sourceTree = "<group>"; };
		446C35B92790F41200532EF9 /* ContentView.swift */ = {isa = PBXFileReference; lastKnownFileType = sourcecode.swift; path = ContentView.swift; sourceTree = "<group>"; };
		446C35BB2790F41400532EF9 /* Assets.xcassets */ = {isa = PBXFileReference; lastKnownFileType = folder.assetcatalog; path = Assets.xcassets; sourceTree = "<group>"; };
		446C35BE2790F41400532EF9 /* Preview Assets.xcassets */ = {isa = PBXFileReference; lastKnownFileType = folder.assetcatalog; path = "Preview Assets.xcassets"; sourceTree = "<group>"; };
		44EE3B4527930E97008F7743 /* Day1-1.swift */ = {isa = PBXFileReference; lastKnownFileType = sourcecode.swift; path = "Day1-1.swift"; sourceTree = "<group>"; };
		44EE3B4727930ECC008F7743 /* Day1-2.swift */ = {isa = PBXFileReference; lastKnownFileType = sourcecode.swift; path = "Day1-2.swift"; sourceTree = "<group>"; };
		44EE3B4927930F83008F7743 /* Day1-3.swift */ = {isa = PBXFileReference; lastKnownFileType = sourcecode.swift; path = "Day1-3.swift"; sourceTree = "<group>"; };
		44EE3B4B27931098008F7743 /* Day2-1.swift */ = {isa = PBXFileReference; lastKnownFileType = sourcecode.swift; path = "Day2-1.swift"; sourceTree = "<group>"; };
		44EE3B4D27931128008F7743 /* Day2-2.swift */ = {isa = PBXFileReference; lastKnownFileType = sourcecode.swift; path = "Day2-2.swift"; sourceTree = "<group>"; };
		44EE3B4F27931195008F7743 /* Day2-3.swift */ = {isa = PBXFileReference; lastKnownFileType = sourcecode.swift; path = "Day2-3.swift"; sourceTree = "<group>"; };
		44EE3B51279311F7008F7743 /* Day3-1.swift */ = {isa = PBXFileReference; lastKnownFileType = sourcecode.swift; path = "Day3-1.swift"; sourceTree = "<group>"; };
		44EE3B5327931590008F7743 /* Day3-2.swift */ = {isa = PBXFileReference; lastKnownFileType = sourcecode.swift; path = "Day3-2.swift"; sourceTree = "<group>"; };
		44EE3B5527932FAF008F7743 /* Day3-3.swift */ = {isa = PBXFileReference; lastKnownFileType = sourcecode.swift; path = "Day3-3.swift"; sourceTree = "<group>"; };
		44EE3B5727933395008F7743 /* Day3-4.swift */ = {isa = PBXFileReference; lastKnownFileType = sourcecode.swift; path = "Day3-4.swift"; sourceTree = "<group>"; };
		44EE3B5927933CDA008F7743 /* Challenge.swift */ = {isa = PBXFileReference; lastKnownFileType = sourcecode.swift; path = Challenge.swift; sourceTree = "<group>"; };
/* End PBXFileReference section */

/* Begin PBXFrameworksBuildPhase section */
		446C35B12790F41200532EF9 /* Frameworks */ = {
			isa = PBXFrameworksBuildPhase;
			buildActionMask = 2147483647;
			files = (
			);
			runOnlyForDeploymentPostprocessing = 0;
		};
/* End PBXFrameworksBuildPhase section */

/* Begin PBXGroup section */
		446C35AB2790F41200532EF9 = {
			isa = PBXGroup;
			children = (
				446C35B62790F41200532EF9 /* Project9-Drawing */,
				446C35B52790F41200532EF9 /* Products */,
			);
			sourceTree = "<group>";
		};
		446C35B52790F41200532EF9 /* Products */ = {
			isa = PBXGroup;
			children = (
				446C35B42790F41200532EF9 /* Project9-Drawing.app */,
			);
			name = Products;
			sourceTree = "<group>";
		};
		446C35B62790F41200532EF9 /* Project9-Drawing */ = {
			isa = PBXGroup;
			children = (
				446C35B72790F41200532EF9 /* Project9_DrawingApp.swift */,
				446C35B92790F41200532EF9 /* ContentView.swift */,
				44EE3B4527930E97008F7743 /* Day1-1.swift */,
				44EE3B4727930ECC008F7743 /* Day1-2.swift */,
				44EE3B4927930F83008F7743 /* Day1-3.swift */,
				44EE3B4B27931098008F7743 /* Day2-1.swift */,
				44EE3B4D27931128008F7743 /* Day2-2.swift */,
				44EE3B4F27931195008F7743 /* Day2-3.swift */,
				44EE3B51279311F7008F7743 /* Day3-1.swift */,
				44EE3B5327931590008F7743 /* Day3-2.swift */,
				44EE3B5527932FAF008F7743 /* Day3-3.swift */,
				44EE3B5727933395008F7743 /* Day3-4.swift */,
				44EE3B5927933CDA008F7743 /* Challenge.swift */,
				446C35BB2790F41400532EF9 /* Assets.xcassets */,
				446C35BD2790F41400532EF9 /* Preview Content */,
			);
			path = "Project9-Drawing";
			sourceTree = "<group>";
		};
		446C35BD2790F41400532EF9 /* Preview Content */ = {
			isa = PBXGroup;
			children = (
				446C35BE2790F41400532EF9 /* Preview Assets.xcassets */,
			);
			path = "Preview Content";
			sourceTree = "<group>";
		};
/* End PBXGroup section */

/* Begin PBXNativeTarget section */
		446C35B32790F41200532EF9 /* Project9-Drawing */ = {
			isa = PBXNativeTarget;
			buildConfigurationList = 446C35C22790F41400532EF9 /* Build configuration list for PBXNativeTarget "Project9-Drawing" */;
			buildPhases = (
				446C35B02790F41200532EF9 /* Sources */,
				446C35B12790F41200532EF9 /* Frameworks */,
				446C35B22790F41200532EF9 /* Resources */,
			);
			buildRules = (
			);
			dependencies = (
			);
			name = "Project9-Drawing";
			productName = "Project9-Drawing";
			productReference = 446C35B42790F41200532EF9 /* Project9-Drawing.app */;
			productType = "com.apple.product-type.application";
		};
/* End PBXNativeTarget section */

/* Begin PBXProject section */
		446C35AC2790F41200532EF9 /* Project object */ = {
			isa = PBXProject;
			attributes = {
				BuildIndependentTargetsInParallel = 1;
				LastSwiftUpdateCheck = 1320;
				LastUpgradeCheck = 1320;
				TargetAttributes = {
					446C35B32790F41200532EF9 = {
						CreatedOnToolsVersion = 13.2.1;
					};
				};
			};
			buildConfigurationList = 446C35AF2790F41200532EF9 /* Build configuration list for PBXProject "Project9-Drawing" */;
			compatibilityVersion = "Xcode 13.0";
			developmentRegion = en;
			hasScannedForEncodings = 0;
			knownRegions = (
				en,
				Base,
			);
			mainGroup = 446C35AB2790F41200532EF9;
			productRefGroup = 446C35B52790F41200532EF9 /* Products */;
			projectDirPath = "";
			projectRoot = "";
			targets = (
				446C35B32790F41200532EF9 /* Project9-Drawing */,
			);
		};
/* End PBXProject section */

/* Begin PBXResourcesBuildPhase section */
		446C35B22790F41200532EF9 /* Resources */ = {
			isa = PBXResourcesBuildPhase;
			buildActionMask = 2147483647;
			files = (
				446C35BF2790F41400532EF9 /* Preview Assets.xcassets in Resources */,
				446C35BC2790F41400532EF9 /* Assets.xcassets in Resources */,
			);
			runOnlyForDeploymentPostprocessing = 0;
		};
/* End PBXResourcesBuildPhase section */

/* Begin PBXSourcesBuildPhase section */
		446C35B02790F41200532EF9 /* Sources */ = {
			isa = PBXSourcesBuildPhase;
			buildActionMask = 2147483647;
			files = (
				446C35BA2790F41200532EF9 /* ContentView.swift in Sources */,
				44EE3B5A27933CDA008F7743 /* Challenge.swift in Sources */,
				44EE3B4E27931128008F7743 /* Day2-2.swift in Sources */,
				44EE3B4827930ECC008F7743 /* Day1-2.swift in Sources */,
				44EE3B4627930E97008F7743 /* Day1-1.swift in Sources */,
				44EE3B4C27931098008F7743 /* Day2-1.swift in Sources */,
				44EE3B5827933395008F7743 /* Day3-4.swift in Sources */,
				446C35B82790F41200532EF9 /* Project9_DrawingApp.swift in Sources */,
				44EE3B4A27930F83008F7743 /* Day1-3.swift in Sources */,
				44EE3B5427931590008F7743 /* Day3-2.swift in Sources */,
				44EE3B5027931195008F7743 /* Day2-3.swift in Sources */,
				44EE3B5627932FAF008F7743 /* Day3-3.swift in Sources */,
				44EE3B52279311F7008F7743 /* Day3-1.swift in Sources */,
			);
			runOnlyForDeploymentPostprocessing = 0;
		};
/* End PBXSourcesBuildPhase section */

/* Begin XCBuildConfiguration section */
		446C35C02790F41400532EF9 /* Debug */ = {
			isa = XCBuildConfiguration;
			buildSettings = {
				ALWAYS_SEARCH_USER_PATHS = NO;
				CLANG_ANALYZER_NONNULL = YES;
				CLANG_ANALYZER_NUMBER_OBJECT_CONVERSION = YES_AGGRESSIVE;
				CLANG_CXX_LANGUAGE_STANDARD = "gnu++17";
				CLANG_CXX_LIBRARY = "libc++";
				CLANG_ENABLE_MODULES = YES;
				CLANG_ENABLE_OBJC_ARC = YES;
				CLANG_ENABLE_OBJC_WEAK = YES;
				CLANG_WARN_BLOCK_CAPTURE_AUTORELEASING = YES;
				CLANG_WARN_BOOL_CONVERSION = YES;
				CLANG_WARN_COMMA = YES;
				CLANG_WARN_CONSTANT_CONVERSION = YES;
				CLANG_WARN_DEPRECATED_OBJC_IMPLEMENTATIONS = YES;
				CLANG_WARN_DIRECT_OBJC_ISA_USAGE = YES_ERROR;
				CLANG_WARN_DOCUMENTATION_COMMENTS = YES;
				CLANG_WARN_EMPTY_BODY = YES;
				CLANG_WARN_ENUM_CONVERSION = YES;
				CLANG_WARN_INFINITE_RECURSION = YES;
				CLANG_WARN_INT_CONVERSION = YES;
				CLANG_WARN_NON_LITERAL_NULL_CONVERSION = YES;
				CLANG_WARN_OBJC_IMPLICIT_RETAIN_SELF = YES;
				CLANG_WARN_OBJC_LITERAL_CONVERSION = YES;
				CLANG_WARN_OBJC_ROOT_CLASS = YES_ERROR;
				CLANG_WARN_QUOTED_INCLUDE_IN_FRAMEWORK_HEADER = YES;
				CLANG_WARN_RANGE_LOOP_ANALYSIS = YES;
				CLANG_WARN_STRICT_PROTOTYPES = YES;
				CLANG_WARN_SUSPICIOUS_MOVE = YES;
				CLANG_WARN_UNGUARDED_AVAILABILITY = YES_AGGRESSIVE;
				CLANG_WARN_UNREACHABLE_CODE = YES;
				CLANG_WARN__DUPLICATE_METHOD_MATCH = YES;
				COPY_PHASE_STRIP = NO;
				DEBUG_INFORMATION_FORMAT = dwarf;
				ENABLE_STRICT_OBJC_MSGSEND = YES;
				ENABLE_TESTABILITY = YES;
				GCC_C_LANGUAGE_STANDARD = gnu11;
				GCC_DYNAMIC_NO_PIC = NO;
				GCC_NO_COMMON_BLOCKS = YES;
				GCC_OPTIMIZATION_LEVEL = 0;
				GCC_PREPROCESSOR_DEFINITIONS = (
					"DEBUG=1",
					"$(inherited)",
				);
				GCC_WARN_64_TO_32_BIT_CONVERSION = YES;
				GCC_WARN_ABOUT_RETURN_TYPE = YES_ERROR;
				GCC_WARN_UNDECLARED_SELECTOR = YES;
				GCC_WARN_UNINITIALIZED_AUTOS = YES_AGGRESSIVE;
				GCC_WARN_UNUSED_FUNCTION = YES;
				GCC_WARN_UNUSED_VARIABLE = YES;
				IPHONEOS_DEPLOYMENT_TARGET = 15.2;
				MTL_ENABLE_DEBUG_INFO = INCLUDE_SOURCE;
				MTL_FAST_MATH = YES;
				ONLY_ACTIVE_ARCH = YES;
				SDKROOT = iphoneos;
				SWIFT_ACTIVE_COMPILATION_CONDITIONS = DEBUG;
				SWIFT_OPTIMIZATION_LEVEL = "-Onone";
			};
			name = Debug;
		};
		446C35C12790F41400532EF9 /* Release */ = {
			isa = XCBuildConfiguration;
			buildSettings = {
				ALWAYS_SEARCH_USER_PATHS = NO;
				CLANG_ANALYZER_NONNULL = YES;
				CLANG_ANALYZER_NUMBER_OBJECT_CONVERSION = YES_AGGRESSIVE;
				CLANG_CXX_LANGUAGE_STANDARD = "gnu++17";
				CLANG_CXX_LIBRARY = "libc++";
				CLANG_ENABLE_MODULES = YES;
				CLANG_ENABLE_OBJC_ARC = YES;
				CLANG_ENABLE_OBJC_WEAK = YES;
				CLANG_WARN_BLOCK_CAPTURE_AUTORELEASING = YES;
				CLANG_WARN_BOOL_CONVERSION = YES;
				CLANG_WARN_COMMA = YES;
				CLANG_WARN_CONSTANT_CONVERSION = YES;
				CLANG_WARN_DEPRECATED_OBJC_IMPLEMENTATIONS = YES;
				CLANG_WARN_DIRECT_OBJC_ISA_USAGE = YES_ERROR;
				CLANG_WARN_DOCUMENTATION_COMMENTS = YES;
				CLANG_WARN_EMPTY_BODY = YES;
				CLANG_WARN_ENUM_CONVERSION = YES;
				CLANG_WARN_INFINITE_RECURSION = YES;
				CLANG_WARN_INT_CONVERSION = YES;
				CLANG_WARN_NON_LITERAL_NULL_CONVERSION = YES;
				CLANG_WARN_OBJC_IMPLICIT_RETAIN_SELF = YES;
				CLANG_WARN_OBJC_LITERAL_CONVERSION = YES;
				CLANG_WARN_OBJC_ROOT_CLASS = YES_ERROR;
				CLANG_WARN_QUOTED_INCLUDE_IN_FRAMEWORK_HEADER = YES;
				CLANG_WARN_RANGE_LOOP_ANALYSIS = YES;
				CLANG_WARN_STRICT_PROTOTYPES = YES;
				CLANG_WARN_SUSPICIOUS_MOVE = YES;
				CLANG_WARN_UNGUARDED_AVAILABILITY = YES_AGGRESSIVE;
				CLANG_WARN_UNREACHABLE_CODE = YES;
				CLANG_WARN__DUPLICATE_METHOD_MATCH = YES;
				COPY_PHASE_STRIP = NO;
				DEBUG_INFORMATION_FORMAT = "dwarf-with-dsym";
				ENABLE_NS_ASSERTIONS = NO;
				ENABLE_STRICT_OBJC_MSGSEND = YES;
				GCC_C_LANGUAGE_STANDARD = gnu11;
				GCC_NO_COMMON_BLOCKS = YES;
				GCC_WARN_64_TO_32_BIT_CONVERSION = YES;
				GCC_WARN_ABOUT_RETURN_TYPE = YES_ERROR;
				GCC_WARN_UNDECLARED_SELECTOR = YES;
				GCC_WARN_UNINITIALIZED_AUTOS = YES_AGGRESSIVE;
				GCC_WARN_UNUSED_FUNCTION = YES;
				GCC_WARN_UNUSED_VARIABLE = YES;
				IPHONEOS_DEPLOYMENT_TARGET = 15.2;
				MTL_ENABLE_DEBUG_INFO = NO;
				MTL_FAST_MATH = YES;
				SDKROOT = iphoneos;
				SWIFT_COMPILATION_MODE = wholemodule;
				SWIFT_OPTIMIZATION_LEVEL = "-O";
				VALIDATE_PRODUCT = YES;
			};
			name = Release;
		};
		446C35C32790F41400532EF9 /* Debug */ = {
			isa = XCBuildConfiguration;
			buildSettings = {
				ASSETCATALOG_COMPILER_APPICON_NAME = AppIcon;
				ASSETCATALOG_COMPILER_GLOBAL_ACCENT_COLOR_NAME = AccentColor;
				CODE_SIGN_STYLE = Automatic;
				CURRENT_PROJECT_VERSION = 1;
				DEVELOPMENT_ASSET_PATHS = "\"Project9-Drawing/Preview Content\"";
				DEVELOPMENT_TEAM = CHK25YBYJC;
				ENABLE_PREVIEWS = YES;
				GENERATE_INFOPLIST_FILE = YES;
				INFOPLIST_KEY_UIApplicationSceneManifest_Generation = YES;
				INFOPLIST_KEY_UIApplicationSupportsIndirectInputEvents = YES;
				INFOPLIST_KEY_UILaunchScreen_Generation = YES;
				INFOPLIST_KEY_UISupportedInterfaceOrientations_iPad = "UIInterfaceOrientationPortrait UIInterfaceOrientationPortraitUpsideDown UIInterfaceOrientationLandscapeLeft UIInterfaceOrientationLandscapeRight";
				INFOPLIST_KEY_UISupportedInterfaceOrientations_iPhone = "UIInterfaceOrientationPortrait UIInterfaceOrientationLandscapeLeft UIInterfaceOrientationLandscapeRight";
				LD_RUNPATH_SEARCH_PATHS = (
					"$(inherited)",
					"@executable_path/Frameworks",
				);
				MARKETING_VERSION = 1.0;
				PRODUCT_BUNDLE_IDENTIFIER = "JRG79.Project9-Drawing";
				PRODUCT_NAME = "$(TARGET_NAME)";
				SWIFT_EMIT_LOC_STRINGS = YES;
				SWIFT_VERSION = 5.0;
				TARGETED_DEVICE_FAMILY = "1,2";
			};
			name = Debug;
		};
		446C35C42790F41400532EF9 /* Release */ = {
			isa = XCBuildConfiguration;
			buildSettings = {
				ASSETCATALOG_COMPILER_APPICON_NAME = AppIcon;
				ASSETCATALOG_COMPILER_GLOBAL_ACCENT_COLOR_NAME = AccentColor;
				CODE_SIGN_STYLE = Automatic;
				CURRENT_PROJECT_VERSION = 1;
				DEVELOPMENT_ASSET_PATHS = "\"Project9-Drawing/Preview Content\"";
				DEVELOPMENT_TEAM = CHK25YBYJC;
				ENABLE_PREVIEWS = YES;
				GENERATE_INFOPLIST_FILE = YES;
				INFOPLIST_KEY_UIApplicationSceneManifest_Generation = YES;
				INFOPLIST_KEY_UIApplicationSupportsIndirectInputEvents = YES;
				INFOPLIST_KEY_UILaunchScreen_Generation = YES;
				INFOPLIST_KEY_UISupportedInterfaceOrientations_iPad = "UIInterfaceOrientationPortrait UIInterfaceOrientationPortraitUpsideDown UIInterfaceOrientationLandscapeLeft UIInterfaceOrientationLandscapeRight";
				INFOPLIST_KEY_UISupportedInterfaceOrientations_iPhone = "UIInterfaceOrientationPortrait UIInterfaceOrientationLandscapeLeft UIInterfaceOrientationLandscapeRight";
				LD_RUNPATH_SEARCH_PATHS = (
					"$(inherited)",
					"@executable_path/Frameworks",
				);
				MARKETING_VERSION = 1.0;
				PRODUCT_BUNDLE_IDENTIFIER = "JRG79.Project9-Drawing";
				PRODUCT_NAME = "$(TARGET_NAME)";
				SWIFT_EMIT_LOC_STRINGS = YES;
				SWIFT_VERSION = 5.0;
				TARGETED_DEVICE_FAMILY = "1,2";
			};
			name = Release;
		};
/* End XCBuildConfiguration section */

/* Begin XCConfigurationList section */
		446C35AF2790F41200532EF9 /* Build configuration list for PBXProject "Project9-Drawing" */ = {
			isa = XCConfigurationList;
			buildConfigurations = (
				446C35C02790F41400532EF9 /* Debug */,
				446C35C12790F41400532EF9 /* Release */,
			);
			defaultConfigurationIsVisible = 0;
			defaultConfigurationName = Release;
		};
		446C35C22790F41400532EF9 /* Build configuration list for PBXNativeTarget "Project9-Drawing" */ = {
			isa = XCConfigurationList;
			buildConfigurations = (
				446C35C32790F41400532EF9 /* Debug */,
				446C35C42790F41400532EF9 /* Release */,
			);
			defaultConfigurationIsVisible = 0;
			defaultConfigurationName = Release;
		};
/* End XCConfigurationList section */
	};
	rootObject = 446C35AC2790F41200532EF9 /* Project object */;
}
